
Microsoft Visual Studio Solution File, Format Version 12.00
# Visual Studio Version 16
VisualStudioVersion = 16.0.30413.136
MinimumVisualStudioVersion = 10.0.40219.1
Project("{FAE04EC0-301F-11D3-BF4B-00C04F79EFBC}") = "SalesTransaction.Web", "SalesTransaction.Web\SalesTransaction.Web.csproj", "{4E10F4B5-5874-4EA6-ACC5-16D639F21AF4}"
EndProject
Project("{FAE04EC0-301F-11D3-BF4B-00C04F79EFBC}") = "SalesTransaction.WebApi", "SalesTransaction.WebApi\SalesTransaction.WebApi.csproj", "{4CD820E7-C60C-44AA-8A35-9705CF632B02}"
EndProject
Project("{FAE04EC0-301F-11D3-BF4B-00C04F79EFBC}") = "SalesTransaction.Model", "SalesTransaction.Model\SalesTransaction.Model.csproj", "{BEDBBBE1-F536-4F85-BD7D-74B213D64080}"
EndProject
Project("{FAE04EC0-301F-11D3-BF4B-00C04F79EFBC}") = "SalesTransaction.Service", "SalesTransaction.Service\SalesTransaction.Service.csproj", "{C1922443-E3C6-4275-AFD8-7AEA73FFDC88}"
EndProject
Project("{FAE04EC0-301F-11D3-BF4B-00C04F79EFBC}") = "SalesTransaction.DataAccess", "SalesTransaction.DataAccess\SalesTransaction.DataAccess.csproj", "{A422FD3C-6EA0-426F-ABD7-DF974EE1DC16}"
EndProject
Global
	GlobalSection(SolutionConfigurationPlatforms) = preSolution
		Debug|Any CPU = Debug|Any CPU
		Release|Any CPU = Release|Any CPU
	EndGlobalSection
	GlobalSection(ProjectConfigurationPlatforms) = postSolution
		{4E10F4B5-5874-4EA6-ACC5-16D639F21AF4}.Debug|Any CPU.ActiveCfg = Debug|Any CPU
		{4E10F4B5-5874-4EA6-ACC5-16D639F21AF4}.Debug|Any CPU.Build.0 = Debug|Any CPU
		{4E10F4B5-5874-4EA6-ACC5-16D639F21AF4}.Release|Any CPU.ActiveCfg = Release|Any CPU
		{4E10F4B5-5874-4EA6-ACC5-16D639F21AF4}.Release|Any CPU.Build.0 = Release|Any CPU
		{4CD820E7-C60C-44AA-8A35-9705CF632B02}.Debug|Any CPU.ActiveCfg = Debug|Any CPU
		{4CD820E7-C60C-44AA-8A35-9705CF632B02}.Debug|Any CPU.Build.0 = Debug|Any CPU
		{4CD820E7-C60C-44AA-8A35-9705CF632B02}.Release|Any CPU.ActiveCfg = Release|Any CPU
		{4CD820E7-C60C-44AA-8A35-9705CF632B02}.Release|Any CPU.Build.0 = Release|Any CPU
		{BEDBBBE1-F536-4F85-BD7D-74B213D64080}.Debug|Any CPU.ActiveCfg = Debug|Any CPU
		{BEDBBBE1-F536-4F85-BD7D-74B213D64080}.Debug|Any CPU.Build.0 = Debug|Any CPU
		{BEDBBBE1-F536-4F85-BD7D-74B213D64080}.Release|Any CPU.ActiveCfg = Release|Any CPU
		{BEDBBBE1-F536-4F85-BD7D-74B213D64080}.Release|Any CPU.Build.0 = Release|Any CPU
		{C1922443-E3C6-4275-AFD8-7AEA73FFDC88}.Debug|Any CPU.ActiveCfg = Debug|Any CPU
		{C1922443-E3C6-4275-AFD8-7AEA73FFDC88}.Debug|Any CPU.Build.0 = Debug|Any CPU
		{C1922443-E3C6-4275-AFD8-7AEA73FFDC88}.Release|Any CPU.ActiveCfg = Release|Any CPU
		{C1922443-E3C6-4275-AFD8-7AEA73FFDC88}.Release|Any CPU.Build.0 = Release|Any CPU
		{A422FD3C-6EA0-426F-ABD7-DF974EE1DC16}.Debug|Any CPU.ActiveCfg = Debug|Any CPU
		{A422FD3C-6EA0-426F-ABD7-DF974EE1DC16}.Debug|Any CPU.Build.0 = Debug|Any CPU
		{A422FD3C-6EA0-426F-ABD7-DF974EE1DC16}.Release|Any CPU.ActiveCfg = Release|Any CPU
		{A422FD3C-6EA0-426F-ABD7-DF974EE1DC16}.Release|Any CPU.Build.0 = Release|Any CPU
	EndGlobalSection
	GlobalSection(SolutionProperties) = preSolution
		HideSolutionNode = FALSE
	EndGlobalSection
	GlobalSection(ExtensibilityGlobals) = postSolution
		SolutionGuid = {D06F67C3-7003-4ED1-BF99-AFCBC98DC72D}
	EndGlobalSection
EndGlobal
