
Microsoft Visual Studio Solution File, Format Version 12.00
# Visual Studio Version 16
VisualStudioVersion = 16.0.30413.136
MinimumVisualStudioVersion = 10.0.40219.1
Project("{9A19103F-16F7-4668-BE54-9A1E7A4F7556}") = "SalesTransaction.Web", "SalesTransaction.Web\SalesTransaction.Web.csproj", "{4E10F4B5-5874-4EA6-ACC5-16D639F21AF4}"
EndProject
Project("{9A19103F-16F7-4668-BE54-9A1E7A4F7556}") = "SalesTransaction.WebApi", "SalesTransaction.WebApi\SalesTransaction.WebApi.csproj", "{4CD820E7-C60C-44AA-8A35-9705CF632B02}"
EndProject
Project("{FAE04EC0-301F-11D3-BF4B-00C04F79EFBC}") = "SalesTransaction.DataAccess", "SalesTransaction.DataAccess\SalesTransaction.DataAccess.csproj", "{C80B2A4A-16ED-4BE1-8F28-D1AA61D22E30}"
EndProject
Project("{FAE04EC0-301F-11D3-BF4B-00C04F79EFBC}") = "SalesTransaction.Model", "SalesTransaction.Model\SalesTransaction.Model.csproj", "{F4BE458F-011D-4D5E-9A0F-62A10967AA4A}"
EndProject
Project("{FAE04EC0-301F-11D3-BF4B-00C04F79EFBC}") = "SalesTransaction.Service", "SalesTransaction.Service\SalesTransaction.Service.csproj", "{49BDF528-8225-4DBC-AE4A-27C75DC1EB73}"
EndProject
Global
	GlobalSection(SolutionConfigurationPlatforms) = preSolution
		Debug|Any CPU = Debug|Any CPU
		Release|Any CPU = Release|Any CPU
	EndGlobalSection
	GlobalSection(ProjectConfigurationPlatforms) = postSolution
		{4E10F4B5-5874-4EA6-ACC5-16D639F21AF4}.Debug|Any CPU.ActiveCfg = Debug|Any CPU
		{4E10F4B5-5874-4EA6-ACC5-16D639F21AF4}.Debug|Any CPU.Build.0 = Debug|Any CPU
		{4E10F4B5-5874-4EA6-ACC5-16D639F21AF4}.Release|Any CPU.ActiveCfg = Release|Any CPU
		{4E10F4B5-5874-4EA6-ACC5-16D639F21AF4}.Release|Any CPU.Build.0 = Release|Any CPU
		{4CD820E7-C60C-44AA-8A35-9705CF632B02}.Debug|Any CPU.ActiveCfg = Debug|Any CPU
		{4CD820E7-C60C-44AA-8A35-9705CF632B02}.Debug|Any CPU.Build.0 = Debug|Any CPU
		{4CD820E7-C60C-44AA-8A35-9705CF632B02}.Release|Any CPU.ActiveCfg = Release|Any CPU
		{4CD820E7-C60C-44AA-8A35-9705CF632B02}.Release|Any CPU.Build.0 = Release|Any CPU
		{C80B2A4A-16ED-4BE1-8F28-D1AA61D22E30}.Debug|Any CPU.ActiveCfg = Debug|Any CPU
		{C80B2A4A-16ED-4BE1-8F28-D1AA61D22E30}.Debug|Any CPU.Build.0 = Debug|Any CPU
		{C80B2A4A-16ED-4BE1-8F28-D1AA61D22E30}.Release|Any CPU.ActiveCfg = Release|Any CPU
		{C80B2A4A-16ED-4BE1-8F28-D1AA61D22E30}.Release|Any CPU.Build.0 = Release|Any CPU
		{F4BE458F-011D-4D5E-9A0F-62A10967AA4A}.Debug|Any CPU.ActiveCfg = Debug|Any CPU
		{F4BE458F-011D-4D5E-9A0F-62A10967AA4A}.Debug|Any CPU.Build.0 = Debug|Any CPU
		{F4BE458F-011D-4D5E-9A0F-62A10967AA4A}.Release|Any CPU.ActiveCfg = Release|Any CPU
		{F4BE458F-011D-4D5E-9A0F-62A10967AA4A}.Release|Any CPU.Build.0 = Release|Any CPU
		{49BDF528-8225-4DBC-AE4A-27C75DC1EB73}.Debug|Any CPU.ActiveCfg = Debug|Any CPU
		{49BDF528-8225-4DBC-AE4A-27C75DC1EB73}.Debug|Any CPU.Build.0 = Debug|Any CPU
		{49BDF528-8225-4DBC-AE4A-27C75DC1EB73}.Release|Any CPU.ActiveCfg = Release|Any CPU
		{49BDF528-8225-4DBC-AE4A-27C75DC1EB73}.Release|Any CPU.Build.0 = Release|Any CPU
	EndGlobalSection
	GlobalSection(SolutionProperties) = preSolution
		HideSolutionNode = FALSE
	EndGlobalSection
	GlobalSection(ExtensibilityGlobals) = postSolution
		SolutionGuid = {D06F67C3-7003-4ED1-BF99-AFCBC98DC72D}
	EndGlobalSection
EndGlobal
